// !$*UTF8*$!
{
	archiveVersion = 1;
	classes = {
	};
	objectVersion = 50;
	objects = {

/* Begin PBXBuildFile section */
		15D18B52A85F44816D681A4D /* Pods_SmoothTransfersTests.framework in Frameworks */ = {isa = PBXBuildFile; fileRef = E9AF271A3EB92EC13C6DFAD7 /* Pods_SmoothTransfersTests.framework */; };
		1E3DBE7C4C13E9EC53F91F11 /* Pods_SmoothTransfers.framework in Frameworks */ = {isa = PBXBuildFile; fileRef = EBB337468FEA71A0497A8220 /* Pods_SmoothTransfers.framework */; };
		26A645E9786E1599F95C02C9 /* BuildFile in Frameworks */ = {isa = PBXBuildFile; };
		7A9CB3A790F54F191EB1A6B5 /* BuildFile in Frameworks */ = {isa = PBXBuildFile; };
		A53DEF1D21390ED40052B585 /* BuildFile in Frameworks */ = {isa = PBXBuildFile; };
		A53DEF1F21390ED90052B585 /* BuildFile in Frameworks */ = {isa = PBXBuildFile; };
		A53DEF2121390EDD0052B585 /* BuildFile in Frameworks */ = {isa = PBXBuildFile; };
		A53DEF23213930EE0052B585 /* EventKit.framework in Frameworks */ = {isa = PBXBuildFile; fileRef = A53DEF22213930EE0052B585 /* EventKit.framework */; };
		A55DF91C2138DED200567AC8 /* ListTableViewController.swift in Sources */ = {isa = PBXBuildFile; fileRef = A55DF91B2138DED200567AC8 /* ListTableViewController.swift */; };
		A55DF91E2138DEF600567AC8 /* SettingViewController.swift in Sources */ = {isa = PBXBuildFile; fileRef = A55DF91D2138DEF600567AC8 /* SettingViewController.swift */; };
		A55DF9232138DFE900567AC8 /* TableViewCell.swift in Sources */ = {isa = PBXBuildFile; fileRef = A55DF9212138DFE900567AC8 /* TableViewCell.swift */; };
		A55DF9242138DFE900567AC8 /* TableViewCell.xib in Resources */ = {isa = PBXBuildFile; fileRef = A55DF9222138DFE900567AC8 /* TableViewCell.xib */; };
		A55DF9262138F3FB00567AC8 /* TokyoChallengeAPI.swift in Sources */ = {isa = PBXBuildFile; fileRef = A55DF9252138F3FB00567AC8 /* TokyoChallengeAPI.swift */; };
		A5F783712138D18600E7438D /* AppDelegate.swift in Sources */ = {isa = PBXBuildFile; fileRef = A5F783702138D18600E7438D /* AppDelegate.swift */; };
		A5F783762138D18600E7438D /* Main.storyboard in Resources */ = {isa = PBXBuildFile; fileRef = A5F783742138D18600E7438D /* Main.storyboard */; };
		A5F783782138D18800E7438D /* Assets.xcassets in Resources */ = {isa = PBXBuildFile; fileRef = A5F783772138D18800E7438D /* Assets.xcassets */; };
		A5F7837B2138D18800E7438D /* LaunchScreen.storyboard in Resources */ = {isa = PBXBuildFile; fileRef = A5F783792138D18800E7438D /* LaunchScreen.storyboard */; };
		A5F783862138D18800E7438D /* SmoothTransfersTests.swift in Sources */ = {isa = PBXBuildFile; fileRef = A5F783852138D18800E7438D /* SmoothTransfersTests.swift */; };
		A5F783912138D18900E7438D /* SmoothTransfersUITests.swift in Sources */ = {isa = PBXBuildFile; fileRef = A5F783902138D18900E7438D /* SmoothTransfersUITests.swift */; };
		BE3DC3FC9B0F9FA33D74027C /* Pods_SmoothTransfersUITests.framework in Frameworks */ = {isa = PBXBuildFile; fileRef = 50A3E3C6BC9DBEAF4CB85AD9 /* Pods_SmoothTransfersUITests.framework */; };
/* End PBXBuildFile section */

/* Begin PBXContainerItemProxy section */
		A5F783822138D18800E7438D /* PBXContainerItemProxy */ = {
			isa = PBXContainerItemProxy;
			containerPortal = A5F783652138D18600E7438D /* Project object */;
			proxyType = 1;
			remoteGlobalIDString = A5F7836C2138D18600E7438D;
			remoteInfo = SmoothTransfers;
		};
		A5F7838D2138D18900E7438D /* PBXContainerItemProxy */ = {
			isa = PBXContainerItemProxy;
			containerPortal = A5F783652138D18600E7438D /* Project object */;
			proxyType = 1;
			remoteGlobalIDString = A5F7836C2138D18600E7438D;
			remoteInfo = SmoothTransfers;
		};
/* End PBXContainerItemProxy section */

/* Begin PBXFileReference section */
		50A3E3C6BC9DBEAF4CB85AD9 /* Pods_SmoothTransfersUITests.framework */ = {isa = PBXFileReference; explicitFileType = wrapper.framework; includeInIndex = 0; path = Pods_SmoothTransfersUITests.framework; sourceTree = BUILT_PRODUCTS_DIR; };
		575C2DEB0DD2F8526CA7C985 /* Pods-SmoothTransfersUITests.release.xcconfig */ = {isa = PBXFileReference; includeInIndex = 1; lastKnownFileType = text.xcconfig; name = "Pods-SmoothTransfersUITests.release.xcconfig"; path = "Pods/Target Support Files/Pods-SmoothTransfersUITests/Pods-SmoothTransfersUITests.release.xcconfig"; sourceTree = "<group>"; };
		5ACDFCDB323892B2425AA63F /* Pods-SmoothTransfersUITests.debug.xcconfig */ = {isa = PBXFileReference; includeInIndex = 1; lastKnownFileType = text.xcconfig; name = "Pods-SmoothTransfersUITests.debug.xcconfig"; path = "Pods/Target Support Files/Pods-SmoothTransfersUITests/Pods-SmoothTransfersUITests.debug.xcconfig"; sourceTree = "<group>"; };
		857CD8081583B08363EEB693 /* Pods-SmoothTransfersTests.debug.xcconfig */ = {isa = PBXFileReference; includeInIndex = 1; lastKnownFileType = text.xcconfig; name = "Pods-SmoothTransfersTests.debug.xcconfig"; path = "Pods/Target Support Files/Pods-SmoothTransfersTests/Pods-SmoothTransfersTests.debug.xcconfig"; sourceTree = "<group>"; };
		A53DEF22213930EE0052B585 /* EventKit.framework */ = {isa = PBXFileReference; lastKnownFileType = wrapper.framework; name = EventKit.framework; path = System/Library/Frameworks/EventKit.framework; sourceTree = SDKROOT; };
		A55DF91B2138DED200567AC8 /* ListTableViewController.swift */ = {isa = PBXFileReference; lastKnownFileType = sourcecode.swift; path = ListTableViewController.swift; sourceTree = "<group>"; wrapsLines = 0; };
		A55DF91D2138DEF600567AC8 /* SettingViewController.swift */ = {isa = PBXFileReference; lastKnownFileType = sourcecode.swift; path = SettingViewController.swift; sourceTree = "<group>"; };
		A55DF9212138DFE900567AC8 /* TableViewCell.swift */ = {isa = PBXFileReference; lastKnownFileType = sourcecode.swift; path = TableViewCell.swift; sourceTree = "<group>"; };
		A55DF9222138DFE900567AC8 /* TableViewCell.xib */ = {isa = PBXFileReference; lastKnownFileType = file.xib; path = TableViewCell.xib; sourceTree = "<group>"; };
		A55DF9252138F3FB00567AC8 /* TokyoChallengeAPI.swift */ = {isa = PBXFileReference; lastKnownFileType = sourcecode.swift; path = TokyoChallengeAPI.swift; sourceTree = "<group>"; };
		A5F7836D2138D18600E7438D /* SmoothTransfers.app */ = {isa = PBXFileReference; explicitFileType = wrapper.application; includeInIndex = 0; path = SmoothTransfers.app; sourceTree = BUILT_PRODUCTS_DIR; };
		A5F783702138D18600E7438D /* AppDelegate.swift */ = {isa = PBXFileReference; lastKnownFileType = sourcecode.swift; path = AppDelegate.swift; sourceTree = "<group>"; };
		A5F783752138D18600E7438D /* Base */ = {isa = PBXFileReference; lastKnownFileType = file.storyboard; name = Base; path = Base.lproj/Main.storyboard; sourceTree = "<group>"; };
		A5F783772138D18800E7438D /* Assets.xcassets */ = {isa = PBXFileReference; lastKnownFileType = folder.assetcatalog; path = Assets.xcassets; sourceTree = "<group>"; };
		A5F7837A2138D18800E7438D /* Base */ = {isa = PBXFileReference; lastKnownFileType = file.storyboard; name = Base; path = Base.lproj/LaunchScreen.storyboard; sourceTree = "<group>"; };
		A5F7837C2138D18800E7438D /* Info.plist */ = {isa = PBXFileReference; lastKnownFileType = text.plist.xml; path = Info.plist; sourceTree = "<group>"; };
		A5F783812138D18800E7438D /* SmoothTransfersTests.xctest */ = {isa = PBXFileReference; explicitFileType = wrapper.cfbundle; includeInIndex = 0; path = SmoothTransfersTests.xctest; sourceTree = BUILT_PRODUCTS_DIR; };
		A5F783852138D18800E7438D /* SmoothTransfersTests.swift */ = {isa = PBXFileReference; lastKnownFileType = sourcecode.swift; path = SmoothTransfersTests.swift; sourceTree = "<group>"; };
		A5F783872138D18800E7438D /* Info.plist */ = {isa = PBXFileReference; lastKnownFileType = text.plist.xml; path = Info.plist; sourceTree = "<group>"; };
		A5F7838C2138D18900E7438D /* SmoothTransfersUITests.xctest */ = {isa = PBXFileReference; explicitFileType = wrapper.cfbundle; includeInIndex = 0; path = SmoothTransfersUITests.xctest; sourceTree = BUILT_PRODUCTS_DIR; };
		A5F783902138D18900E7438D /* SmoothTransfersUITests.swift */ = {isa = PBXFileReference; lastKnownFileType = sourcecode.swift; path = SmoothTransfersUITests.swift; sourceTree = "<group>"; };
		A5F783922138D18900E7438D /* Info.plist */ = {isa = PBXFileReference; lastKnownFileType = text.plist.xml; path = Info.plist; sourceTree = "<group>"; };
		E40F00BD89FE9EB418896176 /* Pods-SmoothTransfersTests.release.xcconfig */ = {isa = PBXFileReference; includeInIndex = 1; lastKnownFileType = text.xcconfig; name = "Pods-SmoothTransfersTests.release.xcconfig"; path = "Pods/Target Support Files/Pods-SmoothTransfersTests/Pods-SmoothTransfersTests.release.xcconfig"; sourceTree = "<group>"; };
		E9AF271A3EB92EC13C6DFAD7 /* Pods_SmoothTransfersTests.framework */ = {isa = PBXFileReference; explicitFileType = wrapper.framework; includeInIndex = 0; path = Pods_SmoothTransfersTests.framework; sourceTree = BUILT_PRODUCTS_DIR; };
		EBB337468FEA71A0497A8220 /* Pods_SmoothTransfers.framework */ = {isa = PBXFileReference; explicitFileType = wrapper.framework; includeInIndex = 0; path = Pods_SmoothTransfers.framework; sourceTree = BUILT_PRODUCTS_DIR; };
		EE044B7731A5602D25CC1BD9 /* Pods-SmoothTransfers.release.xcconfig */ = {isa = PBXFileReference; includeInIndex = 1; lastKnownFileType = text.xcconfig; name = "Pods-SmoothTransfers.release.xcconfig"; path = "Pods/Target Support Files/Pods-SmoothTransfers/Pods-SmoothTransfers.release.xcconfig"; sourceTree = "<group>"; };
		FD3822419B8D94DEDD7ECDF2 /* Pods-SmoothTransfers.debug.xcconfig */ = {isa = PBXFileReference; includeInIndex = 1; lastKnownFileType = text.xcconfig; name = "Pods-SmoothTransfers.debug.xcconfig"; path = "Pods/Target Support Files/Pods-SmoothTransfers/Pods-SmoothTransfers.debug.xcconfig"; sourceTree = "<group>"; };
/* End PBXFileReference section */

/* Begin PBXFrameworksBuildPhase section */
		A5F7836A2138D18600E7438D /* Frameworks */ = {
			isa = PBXFrameworksBuildPhase;
			buildActionMask = 2147483647;
			files = (
				A53DEF23213930EE0052B585 /* EventKit.framework in Frameworks */,
				A53DEF2121390EDD0052B585 /* BuildFile in Frameworks */,
				A53DEF1F21390ED90052B585 /* BuildFile in Frameworks */,
				A53DEF1D21390ED40052B585 /* BuildFile in Frameworks */,
				26A645E9786E1599F95C02C9 /* BuildFile in Frameworks */,
				1E3DBE7C4C13E9EC53F91F11 /* Pods_SmoothTransfers.framework in Frameworks */,
			);
			runOnlyForDeploymentPostprocessing = 0;
		};
		A5F7837E2138D18800E7438D /* Frameworks */ = {
			isa = PBXFrameworksBuildPhase;
			buildActionMask = 2147483647;
			files = (
				15D18B52A85F44816D681A4D /* Pods_SmoothTransfersTests.framework in Frameworks */,
			);
			runOnlyForDeploymentPostprocessing = 0;
		};
		A5F783892138D18900E7438D /* Frameworks */ = {
			isa = PBXFrameworksBuildPhase;
			buildActionMask = 2147483647;
			files = (
				7A9CB3A790F54F191EB1A6B5 /* BuildFile in Frameworks */,
				BE3DC3FC9B0F9FA33D74027C /* Pods_SmoothTransfersUITests.framework in Frameworks */,
			);
			runOnlyForDeploymentPostprocessing = 0;
		};
/* End PBXFrameworksBuildPhase section */

/* Begin PBXGroup section */
		78C89034D3506D9959DFADA2 /* Pods */ = {
			isa = PBXGroup;
			children = (
				FD3822419B8D94DEDD7ECDF2 /* Pods-SmoothTransfers.debug.xcconfig */,
				EE044B7731A5602D25CC1BD9 /* Pods-SmoothTransfers.release.xcconfig */,
				857CD8081583B08363EEB693 /* Pods-SmoothTransfersTests.debug.xcconfig */,
				E40F00BD89FE9EB418896176 /* Pods-SmoothTransfersTests.release.xcconfig */,
				5ACDFCDB323892B2425AA63F /* Pods-SmoothTransfersUITests.debug.xcconfig */,
				575C2DEB0DD2F8526CA7C985 /* Pods-SmoothTransfersUITests.release.xcconfig */,
			);
			name = Pods;
			sourceTree = "<group>";
		};
		A5F783642138D18600E7438D = {
			isa = PBXGroup;
			children = (
				A5F7836F2138D18600E7438D /* SmoothTransfers */,
				A5F783842138D18800E7438D /* SmoothTransfersTests */,
				A5F7838F2138D18900E7438D /* SmoothTransfersUITests */,
				A5F7836E2138D18600E7438D /* Products */,
				78C89034D3506D9959DFADA2 /* Pods */,
				E31CADF3694F7E6780A191A2 /* Frameworks */,
			);
			sourceTree = "<group>";
		};
		A5F7836E2138D18600E7438D /* Products */ = {
			isa = PBXGroup;
			children = (
				A5F7836D2138D18600E7438D /* SmoothTransfers.app */,
				A5F783812138D18800E7438D /* SmoothTransfersTests.xctest */,
				A5F7838C2138D18900E7438D /* SmoothTransfersUITests.xctest */,
			);
			name = Products;
			sourceTree = "<group>";
		};
		A5F7836F2138D18600E7438D /* SmoothTransfers */ = {
			isa = PBXGroup;
			children = (
				A5F783702138D18600E7438D /* AppDelegate.swift */,
				A55DF91B2138DED200567AC8 /* ListTableViewController.swift */,
				A55DF91D2138DEF600567AC8 /* SettingViewController.swift */,
				A5F783742138D18600E7438D /* Main.storyboard */,
				A5F783772138D18800E7438D /* Assets.xcassets */,
				A5F783792138D18800E7438D /* LaunchScreen.storyboard */,
				A5F7837C2138D18800E7438D /* Info.plist */,
				A55DF9212138DFE900567AC8 /* TableViewCell.swift */,
				A55DF9222138DFE900567AC8 /* TableViewCell.xib */,
				A55DF9252138F3FB00567AC8 /* TokyoChallengeAPI.swift */,
			);
			path = SmoothTransfers;
			sourceTree = "<group>";
		};
		A5F783842138D18800E7438D /* SmoothTransfersTests */ = {
			isa = PBXGroup;
			children = (
				A5F783852138D18800E7438D /* SmoothTransfersTests.swift */,
				A5F783872138D18800E7438D /* Info.plist */,
			);
			path = SmoothTransfersTests;
			sourceTree = "<group>";
		};
		A5F7838F2138D18900E7438D /* SmoothTransfersUITests */ = {
			isa = PBXGroup;
			children = (
				A5F783902138D18900E7438D /* SmoothTransfersUITests.swift */,
				A5F783922138D18900E7438D /* Info.plist */,
			);
			path = SmoothTransfersUITests;
			sourceTree = "<group>";
		};
		E31CADF3694F7E6780A191A2 /* Frameworks */ = {
			isa = PBXGroup;
			children = (
				A53DEF22213930EE0052B585 /* EventKit.framework */,
				E9AF271A3EB92EC13C6DFAD7 /* Pods_SmoothTransfersTests.framework */,
				EBB337468FEA71A0497A8220 /* Pods_SmoothTransfers.framework */,
				50A3E3C6BC9DBEAF4CB85AD9 /* Pods_SmoothTransfersUITests.framework */,
			);
			name = Frameworks;
			sourceTree = "<group>";
		};
/* End PBXGroup section */

/* Begin PBXNativeTarget section */
		A5F7836C2138D18600E7438D /* SmoothTransfers */ = {
			isa = PBXNativeTarget;
			buildConfigurationList = A5F783952138D18900E7438D /* Build configuration list for PBXNativeTarget "SmoothTransfers" */;
			buildPhases = (
				61A0319D4FE4750E040E766C /* [CP] Check Pods Manifest.lock */,
				A5F783692138D18600E7438D /* Sources */,
				A5F7836A2138D18600E7438D /* Frameworks */,
				A5F7836B2138D18600E7438D /* Resources */,
				2C7A7DF0AD153F840D97428B /* [CP] Embed Pods Frameworks */,
			);
			buildRules = (
			);
			dependencies = (
			);
			name = SmoothTransfers;
			productName = SmoothTransfers;
			productReference = A5F7836D2138D18600E7438D /* SmoothTransfers.app */;
			productType = "com.apple.product-type.application";
		};
		A5F783802138D18800E7438D /* SmoothTransfersTests */ = {
			isa = PBXNativeTarget;
			buildConfigurationList = A5F783982138D18900E7438D /* Build configuration list for PBXNativeTarget "SmoothTransfersTests" */;
			buildPhases = (
				10183BF9415260F1F8B91EEE /* [CP] Check Pods Manifest.lock */,
				A5F7837D2138D18800E7438D /* Sources */,
				A5F7837E2138D18800E7438D /* Frameworks */,
				A5F7837F2138D18800E7438D /* Resources */,
			);
			buildRules = (
			);
			dependencies = (
				A5F783832138D18800E7438D /* PBXTargetDependency */,
			);
			name = SmoothTransfersTests;
			productName = SmoothTransfersTests;
			productReference = A5F783812138D18800E7438D /* SmoothTransfersTests.xctest */;
			productType = "com.apple.product-type.bundle.unit-test";
		};
		A5F7838B2138D18900E7438D /* SmoothTransfersUITests */ = {
			isa = PBXNativeTarget;
			buildConfigurationList = A5F7839B2138D18900E7438D /* Build configuration list for PBXNativeTarget "SmoothTransfersUITests" */;
			buildPhases = (
				52BC38F5483F1228074EB784 /* [CP] Check Pods Manifest.lock */,
				A5F783882138D18900E7438D /* Sources */,
				A5F783892138D18900E7438D /* Frameworks */,
				A5F7838A2138D18900E7438D /* Resources */,
			);
			buildRules = (
			);
			dependencies = (
				A5F7838E2138D18900E7438D /* PBXTargetDependency */,
			);
			name = SmoothTransfersUITests;
			productName = SmoothTransfersUITests;
			productReference = A5F7838C2138D18900E7438D /* SmoothTransfersUITests.xctest */;
			productType = "com.apple.product-type.bundle.ui-testing";
		};
/* End PBXNativeTarget section */

/* Begin PBXProject section */
		A5F783652138D18600E7438D /* Project object */ = {
			isa = PBXProject;
			attributes = {
				LastSwiftUpdateCheck = 0940;
				LastUpgradeCheck = 0940;
				ORGANIZATIONNAME = "Noritaka Sekiyama";
				TargetAttributes = {
					A5F7836C2138D18600E7438D = {
						CreatedOnToolsVersion = 9.4.1;
					};
					A5F783802138D18800E7438D = {
						CreatedOnToolsVersion = 9.4.1;
						TestTargetID = A5F7836C2138D18600E7438D;
					};
					A5F7838B2138D18900E7438D = {
						CreatedOnToolsVersion = 9.4.1;
						TestTargetID = A5F7836C2138D18600E7438D;
					};
				};
			};
			buildConfigurationList = A5F783682138D18600E7438D /* Build configuration list for PBXProject "SmoothTransfers" */;
			compatibilityVersion = "Xcode 9.3";
			developmentRegion = en;
			hasScannedForEncodings = 0;
			knownRegions = (
				en,
				Base,
			);
			mainGroup = A5F783642138D18600E7438D;
			productRefGroup = A5F7836E2138D18600E7438D /* Products */;
			projectDirPath = "";
			projectRoot = "";
			targets = (
				A5F7836C2138D18600E7438D /* SmoothTransfers */,
				A5F783802138D18800E7438D /* SmoothTransfersTests */,
				A5F7838B2138D18900E7438D /* SmoothTransfersUITests */,
			);
		};
/* End PBXProject section */

/* Begin PBXResourcesBuildPhase section */
		A5F7836B2138D18600E7438D /* Resources */ = {
			isa = PBXResourcesBuildPhase;
			buildActionMask = 2147483647;
			files = (
				A5F7837B2138D18800E7438D /* LaunchScreen.storyboard in Resources */,
				A55DF9242138DFE900567AC8 /* TableViewCell.xib in Resources */,
				A5F783782138D18800E7438D /* Assets.xcassets in Resources */,
				A5F783762138D18600E7438D /* Main.storyboard in Resources */,
			);
			runOnlyForDeploymentPostprocessing = 0;
		};
		A5F7837F2138D18800E7438D /* Resources */ = {
			isa = PBXResourcesBuildPhase;
			buildActionMask = 2147483647;
			files = (
			);
			runOnlyForDeploymentPostprocessing = 0;
		};
		A5F7838A2138D18900E7438D /* Resources */ = {
			isa = PBXResourcesBuildPhase;
			buildActionMask = 2147483647;
			files = (
			);
			runOnlyForDeploymentPostprocessing = 0;
		};
/* End PBXResourcesBuildPhase section */

/* Begin PBXShellScriptBuildPhase section */
		10183BF9415260F1F8B91EEE /* [CP] Check Pods Manifest.lock */ = {
			isa = PBXShellScriptBuildPhase;
			buildActionMask = 2147483647;
			files = (
			);
			inputPaths = (
				"${PODS_PODFILE_DIR_PATH}/Podfile.lock",
				"${PODS_ROOT}/Manifest.lock",
			);
			name = "[CP] Check Pods Manifest.lock";
			outputPaths = (
				"$(DERIVED_FILE_DIR)/Pods-SmoothTransfersTests-checkManifestLockResult.txt",
			);
			runOnlyForDeploymentPostprocessing = 0;
			shellPath = /bin/sh;
			shellScript = "diff \"${PODS_PODFILE_DIR_PATH}/Podfile.lock\" \"${PODS_ROOT}/Manifest.lock\" > /dev/null\nif [ $? != 0 ] ; then\n    # print error to STDERR\n    echo \"error: The sandbox is not in sync with the Podfile.lock. Run 'pod install' or update your CocoaPods installation.\" >&2\n    exit 1\nfi\n# This output is used by Xcode 'outputs' to avoid re-running this script phase.\necho \"SUCCESS\" > \"${SCRIPT_OUTPUT_FILE_0}\"\n";
			showEnvVarsInLog = 0;
		};
		2C7A7DF0AD153F840D97428B /* [CP] Embed Pods Frameworks */ = {
			isa = PBXShellScriptBuildPhase;
			buildActionMask = 2147483647;
			files = (
			);
			inputPaths = (
				"${SRCROOT}/Pods/Target Support Files/Pods-SmoothTransfers/Pods-SmoothTransfers-frameworks.sh",
				"${BUILT_PRODUCTS_DIR}/APIKit/APIKit.framework",
				"${BUILT_PRODUCTS_DIR}/Result/Result.framework",
				"${BUILT_PRODUCTS_DIR}/SwiftyJSON/SwiftyJSON.framework",
			);
			name = "[CP] Embed Pods Frameworks";
			outputPaths = (
				"${TARGET_BUILD_DIR}/${FRAMEWORKS_FOLDER_PATH}/APIKit.framework",
				"${TARGET_BUILD_DIR}/${FRAMEWORKS_FOLDER_PATH}/Result.framework",
				"${TARGET_BUILD_DIR}/${FRAMEWORKS_FOLDER_PATH}/SwiftyJSON.framework",
			);
			runOnlyForDeploymentPostprocessing = 0;
			shellPath = /bin/sh;
			shellScript = "\"${SRCROOT}/Pods/Target Support Files/Pods-SmoothTransfers/Pods-SmoothTransfers-frameworks.sh\"\n";
			showEnvVarsInLog = 0;
		};
		52BC38F5483F1228074EB784 /* [CP] Check Pods Manifest.lock */ = {
			isa = PBXShellScriptBuildPhase;
			buildActionMask = 2147483647;
			files = (
			);
			inputPaths = (
				"${PODS_PODFILE_DIR_PATH}/Podfile.lock",
				"${PODS_ROOT}/Manifest.lock",
			);
			name = "[CP] Check Pods Manifest.lock";
			outputPaths = (
				"$(DERIVED_FILE_DIR)/Pods-SmoothTransfersUITests-checkManifestLockResult.txt",
			);
			runOnlyForDeploymentPostprocessing = 0;
			shellPath = /bin/sh;
			shellScript = "diff \"${PODS_PODFILE_DIR_PATH}/Podfile.lock\" \"${PODS_ROOT}/Manifest.lock\" > /dev/null\nif [ $? != 0 ] ; then\n    # print error to STDERR\n    echo \"error: The sandbox is not in sync with the Podfile.lock. Run 'pod install' or update your CocoaPods installation.\" >&2\n    exit 1\nfi\n# This output is used by Xcode 'outputs' to avoid re-running this script phase.\necho \"SUCCESS\" > \"${SCRIPT_OUTPUT_FILE_0}\"\n";
			showEnvVarsInLog = 0;
		};
		61A0319D4FE4750E040E766C /* [CP] Check Pods Manifest.lock */ = {
			isa = PBXShellScriptBuildPhase;
			buildActionMask = 2147483647;
			files = (
			);
			inputPaths = (
				"${PODS_PODFILE_DIR_PATH}/Podfile.lock",
				"${PODS_ROOT}/Manifest.lock",
			);
			name = "[CP] Check Pods Manifest.lock";
			outputPaths = (
				"$(DERIVED_FILE_DIR)/Pods-SmoothTransfers-checkManifestLockResult.txt",
			);
			runOnlyForDeploymentPostprocessing = 0;
			shellPath = /bin/sh;
			shellScript = "diff \"${PODS_PODFILE_DIR_PATH}/Podfile.lock\" \"${PODS_ROOT}/Manifest.lock\" > /dev/null\nif [ $? != 0 ] ; then\n    # print error to STDERR\n    echo \"error: The sandbox is not in sync with the Podfile.lock. Run 'pod install' or update your CocoaPods installation.\" >&2\n    exit 1\nfi\n# This output is used by Xcode 'outputs' to avoid re-running this script phase.\necho \"SUCCESS\" > \"${SCRIPT_OUTPUT_FILE_0}\"\n";
			showEnvVarsInLog = 0;
		};
/* End PBXShellScriptBuildPhase section */

/* Begin PBXSourcesBuildPhase section */
		A5F783692138D18600E7438D /* Sources */ = {
			isa = PBXSourcesBuildPhase;
			buildActionMask = 2147483647;
			files = (
				A55DF9262138F3FB00567AC8 /* TokyoChallengeAPI.swift in Sources */,
				A55DF9232138DFE900567AC8 /* TableViewCell.swift in Sources */,
				A55DF91C2138DED200567AC8 /* ListTableViewController.swift in Sources */,
				A5F783712138D18600E7438D /* AppDelegate.swift in Sources */,
				A55DF91E2138DEF600567AC8 /* SettingViewController.swift in Sources */,
			);
			runOnlyForDeploymentPostprocessing = 0;
		};
		A5F7837D2138D18800E7438D /* Sources */ = {
			isa = PBXSourcesBuildPhase;
			buildActionMask = 2147483647;
			files = (
				A5F783862138D18800E7438D /* SmoothTransfersTests.swift in Sources */,
			);
			runOnlyForDeploymentPostprocessing = 0;
		};
		A5F783882138D18900E7438D /* Sources */ = {
			isa = PBXSourcesBuildPhase;
			buildActionMask = 2147483647;
			files = (
				A5F783912138D18900E7438D /* SmoothTransfersUITests.swift in Sources */,
			);
			runOnlyForDeploymentPostprocessing = 0;
		};
/* End PBXSourcesBuildPhase section */

/* Begin PBXTargetDependency section */
		A5F783832138D18800E7438D /* PBXTargetDependency */ = {
			isa = PBXTargetDependency;
			target = A5F7836C2138D18600E7438D /* SmoothTransfers */;
			targetProxy = A5F783822138D18800E7438D /* PBXContainerItemProxy */;
		};
		A5F7838E2138D18900E7438D /* PBXTargetDependency */ = {
			isa = PBXTargetDependency;
			target = A5F7836C2138D18600E7438D /* SmoothTransfers */;
			targetProxy = A5F7838D2138D18900E7438D /* PBXContainerItemProxy */;
		};
/* End PBXTargetDependency section */

/* Begin PBXVariantGroup section */
		A5F783742138D18600E7438D /* Main.storyboard */ = {
			isa = PBXVariantGroup;
			children = (
				A5F783752138D18600E7438D /* Base */,
			);
			name = Main.storyboard;
			sourceTree = "<group>";
		};
		A5F783792138D18800E7438D /* LaunchScreen.storyboard */ = {
			isa = PBXVariantGroup;
			children = (
				A5F7837A2138D18800E7438D /* Base */,
			);
			name = LaunchScreen.storyboard;
			sourceTree = "<group>";
		};
/* End PBXVariantGroup section */

/* Begin XCBuildConfiguration section */
		A5F783932138D18900E7438D /* Debug */ = {
			isa = XCBuildConfiguration;
			buildSettings = {
				ALWAYS_SEARCH_USER_PATHS = NO;
				CLANG_ANALYZER_NONNULL = YES;
				CLANG_ANALYZER_NUMBER_OBJECT_CONVERSION = YES_AGGRESSIVE;
				CLANG_CXX_LANGUAGE_STANDARD = "gnu++14";
				CLANG_CXX_LIBRARY = "libc++";
				CLANG_ENABLE_MODULES = YES;
				CLANG_ENABLE_OBJC_ARC = YES;
				CLANG_ENABLE_OBJC_WEAK = YES;
				CLANG_WARN_BLOCK_CAPTURE_AUTORELEASING = YES;
				CLANG_WARN_BOOL_CONVERSION = YES;
				CLANG_WARN_COMMA = YES;
				CLANG_WARN_CONSTANT_CONVERSION = YES;
				CLANG_WARN_DEPRECATED_OBJC_IMPLEMENTATIONS = YES;
				CLANG_WARN_DIRECT_OBJC_ISA_USAGE = YES_ERROR;
				CLANG_WARN_DOCUMENTATION_COMMENTS = YES;
				CLANG_WARN_EMPTY_BODY = YES;
				CLANG_WARN_ENUM_CONVERSION = YES;
				CLANG_WARN_INFINITE_RECURSION = YES;
				CLANG_WARN_INT_CONVERSION = YES;
				CLANG_WARN_NON_LITERAL_NULL_CONVERSION = YES;
				CLANG_WARN_OBJC_IMPLICIT_RETAIN_SELF = YES;
				CLANG_WARN_OBJC_LITERAL_CONVERSION = YES;
				CLANG_WARN_OBJC_ROOT_CLASS = YES_ERROR;
				CLANG_WARN_RANGE_LOOP_ANALYSIS = YES;
				CLANG_WARN_STRICT_PROTOTYPES = YES;
				CLANG_WARN_SUSPICIOUS_MOVE = YES;
				CLANG_WARN_UNGUARDED_AVAILABILITY = YES_AGGRESSIVE;
				CLANG_WARN_UNREACHABLE_CODE = YES;
				CLANG_WARN__DUPLICATE_METHOD_MATCH = YES;
				CODE_SIGN_IDENTITY = "iPhone Developer";
				COPY_PHASE_STRIP = NO;
				DEBUG_INFORMATION_FORMAT = dwarf;
				ENABLE_STRICT_OBJC_MSGSEND = YES;
				ENABLE_TESTABILITY = YES;
				GCC_C_LANGUAGE_STANDARD = gnu11;
				GCC_DYNAMIC_NO_PIC = NO;
				GCC_NO_COMMON_BLOCKS = YES;
				GCC_OPTIMIZATION_LEVEL = 0;
				GCC_PREPROCESSOR_DEFINITIONS = (
					"DEBUG=1",
					"$(inherited)",
				);
				GCC_WARN_64_TO_32_BIT_CONVERSION = YES;
				GCC_WARN_ABOUT_RETURN_TYPE = YES_ERROR;
				GCC_WARN_UNDECLARED_SELECTOR = YES;
				GCC_WARN_UNINITIALIZED_AUTOS = YES_AGGRESSIVE;
				GCC_WARN_UNUSED_FUNCTION = YES;
				GCC_WARN_UNUSED_VARIABLE = YES;
				IPHONEOS_DEPLOYMENT_TARGET = 11.4;
				MTL_ENABLE_DEBUG_INFO = YES;
				ONLY_ACTIVE_ARCH = YES;
				SDKROOT = iphoneos;
				SWIFT_ACTIVE_COMPILATION_CONDITIONS = DEBUG;
				SWIFT_OPTIMIZATION_LEVEL = "-Onone";
			};
			name = Debug;
		};
		A5F783942138D18900E7438D /* Release */ = {
			isa = XCBuildConfiguration;
			buildSettings = {
				ALWAYS_SEARCH_USER_PATHS = NO;
				CLANG_ANALYZER_NONNULL = YES;
				CLANG_ANALYZER_NUMBER_OBJECT_CONVERSION = YES_AGGRESSIVE;
				CLANG_CXX_LANGUAGE_STANDARD = "gnu++14";
				CLANG_CXX_LIBRARY = "libc++";
				CLANG_ENABLE_MODULES = YES;
				CLANG_ENABLE_OBJC_ARC = YES;
				CLANG_ENABLE_OBJC_WEAK = YES;
				CLANG_WARN_BLOCK_CAPTURE_AUTORELEASING = YES;
				CLANG_WARN_BOOL_CONVERSION = YES;
				CLANG_WARN_COMMA = YES;
				CLANG_WARN_CONSTANT_CONVERSION = YES;
				CLANG_WARN_DEPRECATED_OBJC_IMPLEMENTATIONS = YES;
				CLANG_WARN_DIRECT_OBJC_ISA_USAGE = YES_ERROR;
				CLANG_WARN_DOCUMENTATION_COMMENTS = YES;
				CLANG_WARN_EMPTY_BODY = YES;
				CLANG_WARN_ENUM_CONVERSION = YES;
				CLANG_WARN_INFINITE_RECURSION = YES;
				CLANG_WARN_INT_CONVERSION = YES;
				CLANG_WARN_NON_LITERAL_NULL_CONVERSION = YES;
				CLANG_WARN_OBJC_IMPLICIT_RETAIN_SELF = YES;
				CLANG_WARN_OBJC_LITERAL_CONVERSION = YES;
				CLANG_WARN_OBJC_ROOT_CLASS = YES_ERROR;
				CLANG_WARN_RANGE_LOOP_ANALYSIS = YES;
				CLANG_WARN_STRICT_PROTOTYPES = YES;
				CLANG_WARN_SUSPICIOUS_MOVE = YES;
				CLANG_WARN_UNGUARDED_AVAILABILITY = YES_AGGRESSIVE;
				CLANG_WARN_UNREACHABLE_CODE = YES;
				CLANG_WARN__DUPLICATE_METHOD_MATCH = YES;
				CODE_SIGN_IDENTITY = "iPhone Developer";
				COPY_PHASE_STRIP = NO;
				DEBUG_INFORMATION_FORMAT = "dwarf-with-dsym";
				ENABLE_NS_ASSERTIONS = NO;
				ENABLE_STRICT_OBJC_MSGSEND = YES;
				GCC_C_LANGUAGE_STANDARD = gnu11;
				GCC_NO_COMMON_BLOCKS = YES;
				GCC_WARN_64_TO_32_BIT_CONVERSION = YES;
				GCC_WARN_ABOUT_RETURN_TYPE = YES_ERROR;
				GCC_WARN_UNDECLARED_SELECTOR = YES;
				GCC_WARN_UNINITIALIZED_AUTOS = YES_AGGRESSIVE;
				GCC_WARN_UNUSED_FUNCTION = YES;
				GCC_WARN_UNUSED_VARIABLE = YES;
				IPHONEOS_DEPLOYMENT_TARGET = 11.4;
				MTL_ENABLE_DEBUG_INFO = NO;
				SDKROOT = iphoneos;
				SWIFT_COMPILATION_MODE = wholemodule;
				SWIFT_OPTIMIZATION_LEVEL = "-O";
				VALIDATE_PRODUCT = YES;
			};
			name = Release;
		};
		A5F783962138D18900E7438D /* Debug */ = {
			isa = XCBuildConfiguration;
			baseConfigurationReference = FD3822419B8D94DEDD7ECDF2 /* Pods-SmoothTransfers.debug.xcconfig */;
			buildSettings = {
				ASSETCATALOG_COMPILER_APPICON_NAME = AppIcon;
				CODE_SIGN_STYLE = Automatic;
				DEVELOPMENT_TEAM = XGL65VX2SC;
				INFOPLIST_FILE = SmoothTransfers/Info.plist;
				LD_RUNPATH_SEARCH_PATHS = (
					"$(inherited)",
					"@executable_path/Frameworks",
				);
				PRODUCT_BUNDLE_IDENTIFIER = com.moomindani.SmoothTransfers;
				PRODUCT_NAME = "$(TARGET_NAME)";
				SWIFT_VERSION = 4.0;
				TARGETED_DEVICE_FAMILY = "1,2";
			};
			name = Debug;
		};
		A5F783972138D18900E7438D /* Release */ = {
			isa = XCBuildConfiguration;
			baseConfigurationReference = EE044B7731A5602D25CC1BD9 /* Pods-SmoothTransfers.release.xcconfig */;
			buildSettings = {
				ASSETCATALOG_COMPILER_APPICON_NAME = AppIcon;
				CODE_SIGN_STYLE = Automatic;
				DEVELOPMENT_TEAM = XGL65VX2SC;
				INFOPLIST_FILE = SmoothTransfers/Info.plist;
				LD_RUNPATH_SEARCH_PATHS = (
					"$(inherited)",
					"@executable_path/Frameworks",
				);
				PRODUCT_BUNDLE_IDENTIFIER = com.moomindani.SmoothTransfers;
				PRODUCT_NAME = "$(TARGET_NAME)";
				SWIFT_VERSION = 4.0;
				TARGETED_DEVICE_FAMILY = "1,2";
			};
			name = Release;
		};
		A5F783992138D18900E7438D /* Debug */ = {
			isa = XCBuildConfiguration;
			baseConfigurationReference = 857CD8081583B08363EEB693 /* Pods-SmoothTransfersTests.debug.xcconfig */;
			buildSettings = {
				ALWAYS_EMBED_SWIFT_STANDARD_LIBRARIES = YES;
				BUNDLE_LOADER = "$(TEST_HOST)";
				CODE_SIGN_STYLE = Automatic;
				INFOPLIST_FILE = SmoothTransfersTests/Info.plist;
				LD_RUNPATH_SEARCH_PATHS = (
					"$(inherited)",
					"@executable_path/Frameworks",
					"@loader_path/Frameworks",
				);
				PRODUCT_BUNDLE_IDENTIFIER = com.mooapp.SmoothTransfersTests;
				PRODUCT_NAME = "$(TARGET_NAME)";
				SWIFT_VERSION = 4.0;
				TARGETED_DEVICE_FAMILY = "1,2";
				TEST_HOST = "$(BUILT_PRODUCTS_DIR)/SmoothTransfers.app/SmoothTransfers";
			};
			name = Debug;
		};
		A5F7839A2138D18900E7438D /* Release */ = {
			isa = XCBuildConfiguration;
			baseConfigurationReference = E40F00BD89FE9EB418896176 /* Pods-SmoothTransfersTests.release.xcconfig */;
			buildSettings = {
				ALWAYS_EMBED_SWIFT_STANDARD_LIBRARIES = YES;
				BUNDLE_LOADER = "$(TEST_HOST)";
				CODE_SIGN_STYLE = Automatic;
				INFOPLIST_FILE = SmoothTransfersTests/Info.plist;
				LD_RUNPATH_SEARCH_PATHS = (
					"$(inherited)",
					"@executable_path/Frameworks",
					"@loader_path/Frameworks",
				);
				PRODUCT_BUNDLE_IDENTIFIER = com.mooapp.SmoothTransfersTests;
				PRODUCT_NAME = "$(TARGET_NAME)";
				SWIFT_VERSION = 4.0;
				TARGETED_DEVICE_FAMILY = "1,2";
				TEST_HOST = "$(BUILT_PRODUCTS_DIR)/SmoothTransfers.app/SmoothTransfers";
			};
			name = Release;
		};
		A5F7839C2138D18900E7438D /* Debug */ = {
			isa = XCBuildConfiguration;
			baseConfigurationReference = 5ACDFCDB323892B2425AA63F /* Pods-SmoothTransfersUITests.debug.xcconfig */;
			buildSettings = {
				ALWAYS_EMBED_SWIFT_STANDARD_LIBRARIES = YES;
				CODE_SIGN_STYLE = Automatic;
				INFOPLIST_FILE = SmoothTransfersUITests/Info.plist;
				LD_RUNPATH_SEARCH_PATHS = (
					"$(inherited)",
					"@executable_path/Frameworks",
					"@loader_path/Frameworks",
				);
				PRODUCT_BUNDLE_IDENTIFIER = com.mooapp.SmoothTransfersUITests;
				PRODUCT_NAME = "$(TARGET_NAME)";
				SWIFT_VERSION = 4.0;
				TARGETED_DEVICE_FAMILY = "1,2";
				TEST_TARGET_NAME = SmoothTransfers;
			};
			name = Debug;
		};
		A5F7839D2138D18900E7438D /* Release */ = {
			isa = XCBuildConfiguration;
			baseConfigurationReference = 575C2DEB0DD2F8526CA7C985 /* Pods-SmoothTransfersUITests.release.xcconfig */;
			buildSettings = {
				ALWAYS_EMBED_SWIFT_STANDARD_LIBRARIES = YES;
				CODE_SIGN_STYLE = Automatic;
				INFOPLIST_FILE = SmoothTransfersUITests/Info.plist;
				LD_RUNPATH_SEARCH_PATHS = (
					"$(inherited)",
					"@executable_path/Frameworks",
					"@loader_path/Frameworks",
				);
				PRODUCT_BUNDLE_IDENTIFIER = com.mooapp.SmoothTransfersUITests;
				PRODUCT_NAME = "$(TARGET_NAME)";
				SWIFT_VERSION = 4.0;
				TARGETED_DEVICE_FAMILY = "1,2";
				TEST_TARGET_NAME = SmoothTransfers;
			};
			name = Release;
		};
/* End XCBuildConfiguration section */

/* Begin XCConfigurationList section */
		A5F783682138D18600E7438D /* Build configuration list for PBXProject "SmoothTransfers" */ = {
			isa = XCConfigurationList;
			buildConfigurations = (
				A5F783932138D18900E7438D /* Debug */,
				A5F783942138D18900E7438D /* Release */,
			);
			defaultConfigurationIsVisible = 0;
			defaultConfigurationName = Release;
		};
		A5F783952138D18900E7438D /* Build configuration list for PBXNativeTarget "SmoothTransfers" */ = {
			isa = XCConfigurationList;
			buildConfigurations = (
				A5F783962138D18900E7438D /* Debug */,
				A5F783972138D18900E7438D /* Release */,
			);
			defaultConfigurationIsVisible = 0;
			defaultConfigurationName = Release;
		};
		A5F783982138D18900E7438D /* Build configuration list for PBXNativeTarget "SmoothTransfersTests" */ = {
			isa = XCConfigurationList;
			buildConfigurations = (
				A5F783992138D18900E7438D /* Debug */,
				A5F7839A2138D18900E7438D /* Release */,
			);
			defaultConfigurationIsVisible = 0;
			defaultConfigurationName = Release;
		};
		A5F7839B2138D18900E7438D /* Build configuration list for PBXNativeTarget "SmoothTransfersUITests" */ = {
			isa = XCConfigurationList;
			buildConfigurations = (
				A5F7839C2138D18900E7438D /* Debug */,
				A5F7839D2138D18900E7438D /* Release */,
			);
			defaultConfigurationIsVisible = 0;
			defaultConfigurationName = Release;
		};
/* End XCConfigurationList section */
	};
	rootObject = A5F783652138D18600E7438D /* Project object */;
}
